Microsoft Visual Studio Solution File, Format Version 8.00
Project("{F184B08F-C81C-45F6-A57F-5ABD9991F28F}") = "ControlArray", "ControlArray.vbproj", "{DDA2C26F-C46C-4731-A56F-B41CCC3F78E1}"
	ProjectSection(ProjectDependencies) = postProject
	EndProjectSection
EndProject
Global
	GlobalSection(SolutionConfiguration) = preSolution
		Debug = Debug
		Release = Release
	EndGlobalSection
	GlobalSection(ProjectConfiguration) = postSolution
		{DDA2C26F-C46C-4731-A56F-B41CCC3F78E1}.Debug.ActiveCfg = Debug|.NET
		{DDA2C26F-C46C-4731-A56F-B41CCC3F78E1}.Debug.Build.0 = Debug|.NET
		{DDA2C26F-C46C-4731-A56F-B41CCC3F78E1}.Release.ActiveCfg = Release|.NET
		{DDA2C26F-C46C-4731-A56F-B41CCC3F78E1}.Release.Build.0 = Release|.NET
	EndGlobalSection
	GlobalSection(ExtensibilityGlobals) = postSolution
	EndGlobalSection
	GlobalSection(ExtensibilityAddIns) = postSolution
	EndGlobalSection
EndGlobal
